
Microsoft Visual Studio Solution File, Format Version 12.00
# Visual Studio 15
VisualStudioVersion = 15.0.28307.539
MinimumVisualStudioVersion = 10.0.40219.1
Project("{FAE04EC0-301F-11D3-BF4B-00C04F79EFBC}") = "SQLCallstackResolver.GUI", "SQLCallstackResolver.GUI.csproj", "{F65803B0-F5B2-4FA4-99B2-C91600E77E26}"
EndProject
Project("{FAE04EC0-301F-11D3-BF4B-00C04F79EFBC}") = "SQLCallstackResolver.Tests", "Tests\SQLCallstackResolver.Tests.csproj", "{C6CF5A06-527E-4565-821F-890A6E5A83B2}"
EndProject
Project("{FAE04EC0-301F-11D3-BF4B-00C04F79EFBC}") = "SQLCallstackResolver.Engine", "Engine\SQLCallstackResolver.Engine.csproj", "{782BBD60-EE45-43CD-8A4F-0505EFE4FF1A}"
EndProject
Project("{FAE04EC0-301F-11D3-BF4B-00C04F79EFBC}") = "SQLCallstackResolver.Downloader", "SQLCallstackResolver.Downloader\SQLCallstackResolver.Downloader.csproj", "{CDD199AD-078C-453C-A312-6059FE0BD2E6}"
EndProject
Global
	GlobalSection(SolutionConfigurationPlatforms) = preSolution
		Debug|Any CPU = Debug|Any CPU
		Release|Any CPU = Release|Any CPU
	EndGlobalSection
	GlobalSection(ProjectConfigurationPlatforms) = postSolution
		{F65803B0-F5B2-4FA4-99B2-C91600E77E26}.Debug|Any CPU.ActiveCfg = Debug|Any CPU
		{F65803B0-F5B2-4FA4-99B2-C91600E77E26}.Debug|Any CPU.Build.0 = Debug|Any CPU
		{F65803B0-F5B2-4FA4-99B2-C91600E77E26}.Release|Any CPU.ActiveCfg = Release|Any CPU
		{F65803B0-F5B2-4FA4-99B2-C91600E77E26}.Release|Any CPU.Build.0 = Release|Any CPU
		{C6CF5A06-527E-4565-821F-890A6E5A83B2}.Debug|Any CPU.ActiveCfg = Debug|Any CPU
		{C6CF5A06-527E-4565-821F-890A6E5A83B2}.Debug|Any CPU.Build.0 = Debug|Any CPU
		{C6CF5A06-527E-4565-821F-890A6E5A83B2}.Release|Any CPU.ActiveCfg = Release|Any CPU
		{C6CF5A06-527E-4565-821F-890A6E5A83B2}.Release|Any CPU.Build.0 = Release|Any CPU
		{782BBD60-EE45-43CD-8A4F-0505EFE4FF1A}.Debug|Any CPU.ActiveCfg = Debug|Any CPU
		{782BBD60-EE45-43CD-8A4F-0505EFE4FF1A}.Debug|Any CPU.Build.0 = Debug|Any CPU
		{782BBD60-EE45-43CD-8A4F-0505EFE4FF1A}.Release|Any CPU.ActiveCfg = Release|Any CPU
		{782BBD60-EE45-43CD-8A4F-0505EFE4FF1A}.Release|Any CPU.Build.0 = Release|Any CPU
		{CDD199AD-078C-453C-A312-6059FE0BD2E6}.Debug|Any CPU.ActiveCfg = Debug|Any CPU
		{CDD199AD-078C-453C-A312-6059FE0BD2E6}.Debug|Any CPU.Build.0 = Debug|Any CPU
		{CDD199AD-078C-453C-A312-6059FE0BD2E6}.Release|Any CPU.ActiveCfg = Release|Any CPU
		{CDD199AD-078C-453C-A312-6059FE0BD2E6}.Release|Any CPU.Build.0 = Release|Any CPU
	EndGlobalSection
	GlobalSection(SolutionProperties) = preSolution
		HideSolutionNode = FALSE
	EndGlobalSection
	GlobalSection(ExtensibilityGlobals) = postSolution
		SolutionGuid = {58EA4908-ACF8-446A-BDF1-F90967D7DEC5}
	EndGlobalSection
EndGlobal
